
Microsoft Visual Studio Solution File, Format Version 12.00
# Visual Studio 15
VisualStudioVersion = 15.0.26730.16
MinimumVisualStudioVersion = 10.0.40219.1
Project("{2150E333-8FDC-42A3-9474-1A3956D46DE8}") = "src", "src", "{5610BE56-2314-43AB-8385-0DD007AADB8C}"
EndProject
Project("{2150E333-8FDC-42A3-9474-1A3956D46DE8}") = "test", "test", "{D82EA50D-D0FC-4C4E-AF92-48F1BE18F62D}"
EndProject
Project("{FAE04EC0-301F-11D3-BF4B-00C04F79EFBC}") = "BankKata", "BankKata\BankKata.csproj", "{2B8A2C6D-5077-48DB-BAB3-8BEE9084DDDD}"
EndProject
Project("{FAE04EC0-301F-11D3-BF4B-00C04F79EFBC}") = "BankKata.Tests", "BankKata.Tests\BankKata.Tests.csproj", "{BDDFFFF6-C47E-40A1-ABBB-A5F1A8882D4D}"
EndProject
Project("{2150E333-8FDC-42A3-9474-1A3956D46DE8}") = "Solution Items", "Solution Items", "{02CE2936-1375-409A-8137-6D8BE0EE3C38}"
	ProjectSection(SolutionItems) = preProject
		Readme.md = Readme.md
	EndProjectSection
EndProject
Global
	GlobalSection(SolutionConfigurationPlatforms) = preSolution
		Debug|Any CPU = Debug|Any CPU
		Release|Any CPU = Release|Any CPU
	EndGlobalSection
	GlobalSection(ProjectConfigurationPlatforms) = postSolution
		{2B8A2C6D-5077-48DB-BAB3-8BEE9084DDDD}.Debug|Any CPU.ActiveCfg = Debug|Any CPU
		{2B8A2C6D-5077-48DB-BAB3-8BEE9084DDDD}.Debug|Any CPU.Build.0 = Debug|Any CPU
		{2B8A2C6D-5077-48DB-BAB3-8BEE9084DDDD}.Release|Any CPU.ActiveCfg = Release|Any CPU
		{2B8A2C6D-5077-48DB-BAB3-8BEE9084DDDD}.Release|Any CPU.Build.0 = Release|Any CPU
		{BDDFFFF6-C47E-40A1-ABBB-A5F1A8882D4D}.Debug|Any CPU.ActiveCfg = Debug|Any CPU
		{BDDFFFF6-C47E-40A1-ABBB-A5F1A8882D4D}.Debug|Any CPU.Build.0 = Debug|Any CPU
		{BDDFFFF6-C47E-40A1-ABBB-A5F1A8882D4D}.Release|Any CPU.ActiveCfg = Release|Any CPU
		{BDDFFFF6-C47E-40A1-ABBB-A5F1A8882D4D}.Release|Any CPU.Build.0 = Release|Any CPU
	EndGlobalSection
	GlobalSection(SolutionProperties) = preSolution
		HideSolutionNode = FALSE
	EndGlobalSection
	GlobalSection(NestedProjects) = preSolution
		{2B8A2C6D-5077-48DB-BAB3-8BEE9084DDDD} = {5610BE56-2314-43AB-8385-0DD007AADB8C}
		{BDDFFFF6-C47E-40A1-ABBB-A5F1A8882D4D} = {D82EA50D-D0FC-4C4E-AF92-48F1BE18F62D}
	EndGlobalSection
	GlobalSection(ExtensibilityGlobals) = postSolution
		SolutionGuid = {33B80365-878A-4D13-BA7C-34A9B65B14B1}
	EndGlobalSection
EndGlobal
